
Microsoft Visual Studio Solution File, Format Version 12.00
# Visual Studio 14
VisualStudioVersion = 14.0.25420.1
MinimumVisualStudioVersion = 10.0.40219.1
Project("{2150E333-8FDC-42A3-9474-1A3956D46DE8}") = "src", "src", "{D1C73928-4FFC-4CE4-B22A-0628827AB0AE}"
EndProject
Project("{2150E333-8FDC-42A3-9474-1A3956D46DE8}") = "Solution Items", "Solution Items", "{2DFE1EA3-87A0-4CB3-93DB-82515BA10504}"
	ProjectSection(SolutionItems) = preProject
		global.json = global.json
	EndProjectSection
EndProject
Project("{8BB2217D-0F2D-49D1-97BC-3654ED321F3B}") = "BinBridge.Console", "src\BinBridge.Console\BinBridge.Console.xproj", "{585B60D7-1408-41C1-9471-C235FDC9A7D5}"
EndProject
Project("{8BB2217D-0F2D-49D1-97BC-3654ED321F3B}") = "BinBridge.Ssh", "src\BinBridge.Ssh\BinBridge.Ssh.xproj", "{333B164F-278C-41A0-9F81-5E01281029F3}"
EndProject
Project("{8BB2217D-0F2D-49D1-97BC-3654ED321F3B}") = "BinBridge.Cryptography", "src\BinBridge.Cryptography\BinBridge.Cryptography.xproj", "{678665A9-D92D-4436-B731-1E7B0E517064}"
EndProject
Project("{8BB2217D-0F2D-49D1-97BC-3654ED321F3B}") = "BinBridge.Core", "src\BinBridge.Core\BinBridge.Core.xproj", "{AD2D26E4-526C-4951-B28E-437A74482249}"
EndProject
Project("{8BB2217D-0F2D-49D1-97BC-3654ED321F3B}") = "BinBridge.Utility", "src\BinBridge.Utility\BinBridge.Utility.xproj", "{1098FC17-1B2C-4C8F-998D-9C109588ABDC}"
EndProject
Global
	GlobalSection(SolutionConfigurationPlatforms) = preSolution
		Debug|Any CPU = Debug|Any CPU
		Release|Any CPU = Release|Any CPU
	EndGlobalSection
	GlobalSection(ProjectConfigurationPlatforms) = postSolution
		{585B60D7-1408-41C1-9471-C235FDC9A7D5}.Debug|Any CPU.ActiveCfg = Debug|Any CPU
		{585B60D7-1408-41C1-9471-C235FDC9A7D5}.Debug|Any CPU.Build.0 = Debug|Any CPU
		{585B60D7-1408-41C1-9471-C235FDC9A7D5}.Release|Any CPU.ActiveCfg = Release|Any CPU
		{585B60D7-1408-41C1-9471-C235FDC9A7D5}.Release|Any CPU.Build.0 = Release|Any CPU
		{333B164F-278C-41A0-9F81-5E01281029F3}.Debug|Any CPU.ActiveCfg = Debug|Any CPU
		{333B164F-278C-41A0-9F81-5E01281029F3}.Debug|Any CPU.Build.0 = Debug|Any CPU
		{333B164F-278C-41A0-9F81-5E01281029F3}.Release|Any CPU.ActiveCfg = Release|Any CPU
		{333B164F-278C-41A0-9F81-5E01281029F3}.Release|Any CPU.Build.0 = Release|Any CPU
		{678665A9-D92D-4436-B731-1E7B0E517064}.Debug|Any CPU.ActiveCfg = Debug|Any CPU
		{678665A9-D92D-4436-B731-1E7B0E517064}.Debug|Any CPU.Build.0 = Debug|Any CPU
		{678665A9-D92D-4436-B731-1E7B0E517064}.Release|Any CPU.ActiveCfg = Release|Any CPU
		{678665A9-D92D-4436-B731-1E7B0E517064}.Release|Any CPU.Build.0 = Release|Any CPU
		{AD2D26E4-526C-4951-B28E-437A74482249}.Debug|Any CPU.ActiveCfg = Debug|Any CPU
		{AD2D26E4-526C-4951-B28E-437A74482249}.Debug|Any CPU.Build.0 = Debug|Any CPU
		{AD2D26E4-526C-4951-B28E-437A74482249}.Release|Any CPU.ActiveCfg = Release|Any CPU
		{AD2D26E4-526C-4951-B28E-437A74482249}.Release|Any CPU.Build.0 = Release|Any CPU
		{1098FC17-1B2C-4C8F-998D-9C109588ABDC}.Debug|Any CPU.ActiveCfg = Debug|Any CPU
		{1098FC17-1B2C-4C8F-998D-9C109588ABDC}.Debug|Any CPU.Build.0 = Debug|Any CPU
		{1098FC17-1B2C-4C8F-998D-9C109588ABDC}.Release|Any CPU.ActiveCfg = Release|Any CPU
		{1098FC17-1B2C-4C8F-998D-9C109588ABDC}.Release|Any CPU.Build.0 = Release|Any CPU
	EndGlobalSection
	GlobalSection(SolutionProperties) = preSolution
		HideSolutionNode = FALSE
	EndGlobalSection
	GlobalSection(NestedProjects) = preSolution
		{585B60D7-1408-41C1-9471-C235FDC9A7D5} = {D1C73928-4FFC-4CE4-B22A-0628827AB0AE}
		{333B164F-278C-41A0-9F81-5E01281029F3} = {D1C73928-4FFC-4CE4-B22A-0628827AB0AE}
		{678665A9-D92D-4436-B731-1E7B0E517064} = {D1C73928-4FFC-4CE4-B22A-0628827AB0AE}
		{AD2D26E4-526C-4951-B28E-437A74482249} = {D1C73928-4FFC-4CE4-B22A-0628827AB0AE}
		{1098FC17-1B2C-4C8F-998D-9C109588ABDC} = {D1C73928-4FFC-4CE4-B22A-0628827AB0AE}
	EndGlobalSection
EndGlobal
